
Microsoft Visual Studio Solution File, Format Version 12.00
# Visual Studio 14
VisualStudioVersion = 14.0.23107.0
MinimumVisualStudioVersion = 10.0.40219.1
Project("{2150E333-8FDC-42A3-9474-1A3956D46DE8}") = "src", "src", "{15172561-F651-4639-922B-AEB7DE16C44F}"
EndProject
Project("{2150E333-8FDC-42A3-9474-1A3956D46DE8}") = "Solution Items", "Solution Items", "{25912F3A-B63D-44D7-9841-BB6D9482635B}"
	ProjectSection(SolutionItems) = preProject
		global.json = global.json
	EndProjectSection
EndProject
Project("{8BB2217D-0F2D-49D1-97BC-3654ED321F3B}") = "MailFraudService", "src\MailFraudService\MailFraudService.xproj", "{3E5FAEF2-D2A6-4818-B38D-7E3D6D8B16C4}"
EndProject
Project("{2150E333-8FDC-42A3-9474-1A3956D46DE8}") = "Infrastructure", "Infrastructure", "{493ED98B-4D60-4839-9384-B0E69A553549}"
EndProject
Project("{FAE04EC0-301F-11D3-BF4B-00C04F79EFBC}") = "DBDriver", "DBDriver\DBDriver.csproj", "{2CA0B2F2-634A-41F9-97E0-7C021C5F0677}"
EndProject
Project("{FAE04EC0-301F-11D3-BF4B-00C04F79EFBC}") = "MLManager", "MLManager\MLManager.csproj", "{D74BA2C5-7315-4DFF-BD75-01A14D8200B7}"
EndProject
Project("{FAE04EC0-301F-11D3-BF4B-00C04F79EFBC}") = "Entities", "Entities\Entities.csproj", "{566FC338-E392-4804-A358-0848A5E3BC89}"
EndProject
Global
	GlobalSection(SolutionConfigurationPlatforms) = preSolution
		Debug|Any CPU = Debug|Any CPU
		Release|Any CPU = Release|Any CPU
	EndGlobalSection
	GlobalSection(ProjectConfigurationPlatforms) = postSolution
		{3E5FAEF2-D2A6-4818-B38D-7E3D6D8B16C4}.Debug|Any CPU.ActiveCfg = Debug|Any CPU
		{3E5FAEF2-D2A6-4818-B38D-7E3D6D8B16C4}.Debug|Any CPU.Build.0 = Debug|Any CPU
		{3E5FAEF2-D2A6-4818-B38D-7E3D6D8B16C4}.Release|Any CPU.ActiveCfg = Release|Any CPU
		{3E5FAEF2-D2A6-4818-B38D-7E3D6D8B16C4}.Release|Any CPU.Build.0 = Release|Any CPU
		{2CA0B2F2-634A-41F9-97E0-7C021C5F0677}.Debug|Any CPU.ActiveCfg = Debug|Any CPU
		{2CA0B2F2-634A-41F9-97E0-7C021C5F0677}.Debug|Any CPU.Build.0 = Debug|Any CPU
		{2CA0B2F2-634A-41F9-97E0-7C021C5F0677}.Release|Any CPU.ActiveCfg = Release|Any CPU
		{2CA0B2F2-634A-41F9-97E0-7C021C5F0677}.Release|Any CPU.Build.0 = Release|Any CPU
		{D74BA2C5-7315-4DFF-BD75-01A14D8200B7}.Debug|Any CPU.ActiveCfg = Debug|Any CPU
		{D74BA2C5-7315-4DFF-BD75-01A14D8200B7}.Debug|Any CPU.Build.0 = Debug|Any CPU
		{D74BA2C5-7315-4DFF-BD75-01A14D8200B7}.Release|Any CPU.ActiveCfg = Release|Any CPU
		{D74BA2C5-7315-4DFF-BD75-01A14D8200B7}.Release|Any CPU.Build.0 = Release|Any CPU
		{566FC338-E392-4804-A358-0848A5E3BC89}.Debug|Any CPU.ActiveCfg = Debug|Any CPU
		{566FC338-E392-4804-A358-0848A5E3BC89}.Debug|Any CPU.Build.0 = Debug|Any CPU
		{566FC338-E392-4804-A358-0848A5E3BC89}.Release|Any CPU.ActiveCfg = Release|Any CPU
		{566FC338-E392-4804-A358-0848A5E3BC89}.Release|Any CPU.Build.0 = Release|Any CPU
	EndGlobalSection
	GlobalSection(SolutionProperties) = preSolution
		HideSolutionNode = FALSE
	EndGlobalSection
	GlobalSection(NestedProjects) = preSolution
		{3E5FAEF2-D2A6-4818-B38D-7E3D6D8B16C4} = {15172561-F651-4639-922B-AEB7DE16C44F}
		{2CA0B2F2-634A-41F9-97E0-7C021C5F0677} = {493ED98B-4D60-4839-9384-B0E69A553549}
		{D74BA2C5-7315-4DFF-BD75-01A14D8200B7} = {493ED98B-4D60-4839-9384-B0E69A553549}
		{566FC338-E392-4804-A358-0848A5E3BC89} = {493ED98B-4D60-4839-9384-B0E69A553549}
	EndGlobalSection
EndGlobal
